
Microsoft Visual Studio Solution File, Format Version 12.00
# Visual Studio 14
VisualStudioVersion = 14.0.25420.1
MinimumVisualStudioVersion = 10.0.40219.1
Project("{FAE04EC0-301F-11D3-BF4B-00C04F79EFBC}") = "iasset", "iasset\iasset.csproj", "{FB073B75-BF02-42AC-A408-5BED0DD7730E}"
EndProject
Project("{FAE04EC0-301F-11D3-BF4B-00C04F79EFBC}") = "Data", "Data\Data.csproj", "{1CA25539-5FF3-4B0B-A0ED-5E396CF7C4F9}"
EndProject
Project("{FAE04EC0-301F-11D3-BF4B-00C04F79EFBC}") = "DataService", "DataService\DataService.csproj", "{866C974E-0761-473E-BFC2-CD3C0ED40546}"
EndProject
Project("{FAE04EC0-301F-11D3-BF4B-00C04F79EFBC}") = "Test", "Test\Test.csproj", "{9B123E52-7FB9-4AFB-91A1-CF6B7600A0DD}"
EndProject
Global
	GlobalSection(SolutionConfigurationPlatforms) = preSolution
		Debug|Any CPU = Debug|Any CPU
		Release|Any CPU = Release|Any CPU
	EndGlobalSection
	GlobalSection(ProjectConfigurationPlatforms) = postSolution
		{FB073B75-BF02-42AC-A408-5BED0DD7730E}.Debug|Any CPU.ActiveCfg = Debug|Any CPU
		{FB073B75-BF02-42AC-A408-5BED0DD7730E}.Debug|Any CPU.Build.0 = Debug|Any CPU
		{FB073B75-BF02-42AC-A408-5BED0DD7730E}.Release|Any CPU.ActiveCfg = Release|Any CPU
		{FB073B75-BF02-42AC-A408-5BED0DD7730E}.Release|Any CPU.Build.0 = Release|Any CPU
		{1CA25539-5FF3-4B0B-A0ED-5E396CF7C4F9}.Debug|Any CPU.ActiveCfg = Debug|Any CPU
		{1CA25539-5FF3-4B0B-A0ED-5E396CF7C4F9}.Debug|Any CPU.Build.0 = Debug|Any CPU
		{1CA25539-5FF3-4B0B-A0ED-5E396CF7C4F9}.Release|Any CPU.ActiveCfg = Release|Any CPU
		{1CA25539-5FF3-4B0B-A0ED-5E396CF7C4F9}.Release|Any CPU.Build.0 = Release|Any CPU
		{866C974E-0761-473E-BFC2-CD3C0ED40546}.Debug|Any CPU.ActiveCfg = Debug|Any CPU
		{866C974E-0761-473E-BFC2-CD3C0ED40546}.Debug|Any CPU.Build.0 = Debug|Any CPU
		{866C974E-0761-473E-BFC2-CD3C0ED40546}.Release|Any CPU.ActiveCfg = Release|Any CPU
		{866C974E-0761-473E-BFC2-CD3C0ED40546}.Release|Any CPU.Build.0 = Release|Any CPU
		{9B123E52-7FB9-4AFB-91A1-CF6B7600A0DD}.Debug|Any CPU.ActiveCfg = Debug|Any CPU
		{9B123E52-7FB9-4AFB-91A1-CF6B7600A0DD}.Debug|Any CPU.Build.0 = Debug|Any CPU
		{9B123E52-7FB9-4AFB-91A1-CF6B7600A0DD}.Release|Any CPU.ActiveCfg = Release|Any CPU
		{9B123E52-7FB9-4AFB-91A1-CF6B7600A0DD}.Release|Any CPU.Build.0 = Release|Any CPU
	EndGlobalSection
	GlobalSection(SolutionProperties) = preSolution
		HideSolutionNode = FALSE
	EndGlobalSection
EndGlobal
